// !$*UTF8*$!
{
	archiveVersion = 1;
	classes = {
	};
	objectVersion = 56;
	objects = {

/* Begin PBXBuildFile section */
		1829021B2950EFAB00AF349C /* Observable.swift in Sources */ = {isa = PBXBuildFile; fileRef = 1829021A2950EFAB00AF349C /* Observable.swift */; };
		1867F845294E4AD300032BF0 /* AppDelegate.swift in Sources */ = {isa = PBXBuildFile; fileRef = 1867F844294E4AD300032BF0 /* AppDelegate.swift */; };
		1867F84E294E4AD500032BF0 /* Assets.xcassets in Resources */ = {isa = PBXBuildFile; fileRef = 1867F84D294E4AD500032BF0 /* Assets.xcassets */; };
		1867F851294E4AD500032BF0 /* LaunchScreen.storyboard in Resources */ = {isa = PBXBuildFile; fileRef = 1867F84F294E4AD500032BF0 /* LaunchScreen.storyboard */; };
		1867F866294E4AD500032BF0 /* Movies_MVVMUITests.swift in Sources */ = {isa = PBXBuildFile; fileRef = 1867F865294E4AD500032BF0 /* Movies_MVVMUITests.swift */; };
		1867F868294E4AD500032BF0 /* Movies_MVVMUITestsLaunchTests.swift in Sources */ = {isa = PBXBuildFile; fileRef = 1867F867294E4AD500032BF0 /* Movies_MVVMUITestsLaunchTests.swift */; };
		1867F877294EFF4E00032BF0 /* MainViewController.swift in Sources */ = {isa = PBXBuildFile; fileRef = 1867F875294EFF4E00032BF0 /* MainViewController.swift */; };
		1867F878294EFF4E00032BF0 /* MainViewController.xib in Resources */ = {isa = PBXBuildFile; fileRef = 1867F876294EFF4E00032BF0 /* MainViewController.xib */; };
		1867F880294F21CA00032BF0 /* MainViewController+TableView.swift in Sources */ = {isa = PBXBuildFile; fileRef = 1867F87F294F21CA00032BF0 /* MainViewController+TableView.swift */; };
		1867F882294F2D8100032BF0 /* Constants.swift in Sources */ = {isa = PBXBuildFile; fileRef = 1867F881294F2D8100032BF0 /* Constants.swift */; };
		1867F884294F2E8400032BF0 /* MainViewModel.swift in Sources */ = {isa = PBXBuildFile; fileRef = 1867F883294F2E8400032BF0 /* MainViewModel.swift */; };
		1867F889294F3AEE00032BF0 /* NetworkConstants.swift in Sources */ = {isa = PBXBuildFile; fileRef = 1867F888294F3AEE00032BF0 /* NetworkConstants.swift */; };
		1867F88B294F3D0500032BF0 /* TrendingMoviesModel.swift in Sources */ = {isa = PBXBuildFile; fileRef = 1867F88A294F3D0500032BF0 /* TrendingMoviesModel.swift */; };
		1867F88D294F407C00032BF0 /* NetworkManager.swift in Sources */ = {isa = PBXBuildFile; fileRef = 1867F88C294F407C00032BF0 /* NetworkManager.swift */; };
		187CD17B2952509A00FA58BE /* MainMovieCell.swift in Sources */ = {isa = PBXBuildFile; fileRef = 187CD1792952509A00FA58BE /* MainMovieCell.swift */; };
		187CD17C2952509A00FA58BE /* MainMovieCell.xib in Resources */ = {isa = PBXBuildFile; fileRef = 187CD17A2952509A00FA58BE /* MainMovieCell.xib */; };
		187CD18129525A1600FA58BE /* MovieCellViewModel.swift in Sources */ = {isa = PBXBuildFile; fileRef = 187CD18029525A1600FA58BE /* MovieCellViewModel.swift */; };
		18BA542C296057DC003172ED /* movies.json in Resources */ = {isa = PBXBuildFile; fileRef = 18BA542B296057DC003172ED /* movies.json */; };
		18BA542E29605A1D003172ED /* SwiftUtility.swift in Sources */ = {isa = PBXBuildFile; fileRef = 18BA542D29605A1D003172ED /* SwiftUtility.swift */; };
		18C67D13295EC92500A6BF3B /* SDWebImage in Frameworks */ = {isa = PBXBuildFile; productRef = 18C67D12295EC92500A6BF3B /* SDWebImage */; };
		18C67D68295EFD3000A6BF3B /* MockNetworkManager.swift in Sources */ = {isa = PBXBuildFile; fileRef = 18C67D67295EFD3000A6BF3B /* MockNetworkManager.swift */; };
		18C67D6C295F26F800A6BF3B /* MainViewModelTests.swift in Sources */ = {isa = PBXBuildFile; fileRef = 18C67D6B295F26F800A6BF3B /* MainViewModelTests.swift */; };
		18D2FCDD2962C61900597E94 /* DetailsViewModelTests.swift in Sources */ = {isa = PBXBuildFile; fileRef = 18D2FCDC2962C61900597E94 /* DetailsViewModelTests.swift */; };
		18E6593E2956469400B1F35C /* DetailsViewController.swift in Sources */ = {isa = PBXBuildFile; fileRef = 18E6593C2956469400B1F35C /* DetailsViewController.swift */; };
		18E6593F2956469400B1F35C /* DetailsViewController.xib in Resources */ = {isa = PBXBuildFile; fileRef = 18E6593D2956469400B1F35C /* DetailsViewController.xib */; };
		18E659412956495500B1F35C /* DetailsViewModel.swift in Sources */ = {isa = PBXBuildFile; fileRef = 18E659402956495500B1F35C /* DetailsViewModel.swift */; };
		18E6594429571C8000B1F35C /* SDWebImage in Frameworks */ = {isa = PBXBuildFile; productRef = 18E6594329571C8000B1F35C /* SDWebImage */; };
		18E659462957239500B1F35C /* Double+Extension.swift in Sources */ = {isa = PBXBuildFile; fileRef = 18E659452957239500B1F35C /* Double+Extension.swift */; };
/* End PBXBuildFile section */

/* Begin PBXContainerItemProxy section */
		1867F858294E4AD500032BF0 /* PBXContainerItemProxy */ = {
			isa = PBXContainerItemProxy;
			containerPortal = 1867F839294E4AD300032BF0 /* Project object */;
			proxyType = 1;
			remoteGlobalIDString = 1867F840294E4AD300032BF0;
			remoteInfo = "Movies MVVM";
		};
		1867F862294E4AD500032BF0 /* PBXContainerItemProxy */ = {
			isa = PBXContainerItemProxy;
			containerPortal = 1867F839294E4AD300032BF0 /* Project object */;
			proxyType = 1;
			remoteGlobalIDString = 1867F840294E4AD300032BF0;
			remoteInfo = "Movies MVVM";
		};
/* End PBXContainerItemProxy section */

/* Begin PBXFileReference section */
		1829021A2950EFAB00AF349C /* Observable.swift */ = {isa = PBXFileReference; lastKnownFileType = sourcecode.swift; path = Observable.swift; sourceTree = "<group>"; };
		1867F841294E4AD300032BF0 /* Movies MVVM.app */ = {isa = PBXFileReference; explicitFileType = wrapper.application; includeInIndex = 0; path = "Movies MVVM.app"; sourceTree = BUILT_PRODUCTS_DIR; };
		1867F844294E4AD300032BF0 /* AppDelegate.swift */ = {isa = PBXFileReference; lastKnownFileType = sourcecode.swift; path = AppDelegate.swift; sourceTree = "<group>"; };
		1867F84D294E4AD500032BF0 /* Assets.xcassets */ = {isa = PBXFileReference; lastKnownFileType = folder.assetcatalog; path = Assets.xcassets; sourceTree = "<group>"; };
		1867F850294E4AD500032BF0 /* Base */ = {isa = PBXFileReference; lastKnownFileType = file.storyboard; name = Base; path = Base.lproj/LaunchScreen.storyboard; sourceTree = "<group>"; };
		1867F852294E4AD500032BF0 /* Info.plist */ = {isa = PBXFileReference; lastKnownFileType = text.plist.xml; path = Info.plist; sourceTree = "<group>"; };
		1867F857294E4AD500032BF0 /* Movies MVVMTests.xctest */ = {isa = PBXFileReference; explicitFileType = wrapper.cfbundle; includeInIndex = 0; path = "Movies MVVMTests.xctest"; sourceTree = BUILT_PRODUCTS_DIR; };
		1867F861294E4AD500032BF0 /* Movies MVVMUITests.xctest */ = {isa = PBXFileReference; explicitFileType = wrapper.cfbundle; includeInIndex = 0; path = "Movies MVVMUITests.xctest"; sourceTree = BUILT_PRODUCTS_DIR; };
		1867F865294E4AD500032BF0 /* Movies_MVVMUITests.swift */ = {isa = PBXFileReference; lastKnownFileType = sourcecode.swift; path = Movies_MVVMUITests.swift; sourceTree = "<group>"; };
		1867F867294E4AD500032BF0 /* Movies_MVVMUITestsLaunchTests.swift */ = {isa = PBXFileReference; lastKnownFileType = sourcecode.swift; path = Movies_MVVMUITestsLaunchTests.swift; sourceTree = "<group>"; };
		1867F875294EFF4E00032BF0 /* MainViewController.swift */ = {isa = PBXFileReference; lastKnownFileType = sourcecode.swift; path = MainViewController.swift; sourceTree = "<group>"; };
		1867F876294EFF4E00032BF0 /* MainViewController.xib */ = {isa = PBXFileReference; lastKnownFileType = file.xib; path = MainViewController.xib; sourceTree = "<group>"; };
		1867F87F294F21CA00032BF0 /* MainViewController+TableView.swift */ = {isa = PBXFileReference; lastKnownFileType = sourcecode.swift; path = "MainViewController+TableView.swift"; sourceTree = "<group>"; };
		1867F881294F2D8100032BF0 /* Constants.swift */ = {isa = PBXFileReference; lastKnownFileType = sourcecode.swift; path = Constants.swift; sourceTree = "<group>"; };
		1867F883294F2E8400032BF0 /* MainViewModel.swift */ = {isa = PBXFileReference; lastKnownFileType = sourcecode.swift; path = MainViewModel.swift; sourceTree = "<group>"; };
		1867F888294F3AEE00032BF0 /* NetworkConstants.swift */ = {isa = PBXFileReference; lastKnownFileType = sourcecode.swift; path = NetworkConstants.swift; sourceTree = "<group>"; };
		1867F88A294F3D0500032BF0 /* TrendingMoviesModel.swift */ = {isa = PBXFileReference; lastKnownFileType = sourcecode.swift; path = TrendingMoviesModel.swift; sourceTree = "<group>"; };
		1867F88C294F407C00032BF0 /* NetworkManager.swift */ = {isa = PBXFileReference; lastKnownFileType = sourcecode.swift; path = NetworkManager.swift; sourceTree = "<group>"; };
		187CD1792952509A00FA58BE /* MainMovieCell.swift */ = {isa = PBXFileReference; lastKnownFileType = sourcecode.swift; path = MainMovieCell.swift; sourceTree = "<group>"; };
		187CD17A2952509A00FA58BE /* MainMovieCell.xib */ = {isa = PBXFileReference; lastKnownFileType = file.xib; path = MainMovieCell.xib; sourceTree = "<group>"; };
		187CD18029525A1600FA58BE /* MovieCellViewModel.swift */ = {isa = PBXFileReference; lastKnownFileType = sourcecode.swift; path = MovieCellViewModel.swift; sourceTree = "<group>"; };
		18BA542B296057DC003172ED /* movies.json */ = {isa = PBXFileReference; fileEncoding = 4; lastKnownFileType = text.json; path = movies.json; sourceTree = "<group>"; };
		18BA542D29605A1D003172ED /* SwiftUtility.swift */ = {isa = PBXFileReference; lastKnownFileType = sourcecode.swift; path = SwiftUtility.swift; sourceTree = "<group>"; };
		18C67D67295EFD3000A6BF3B /* MockNetworkManager.swift */ = {isa = PBXFileReference; lastKnownFileType = sourcecode.swift; path = MockNetworkManager.swift; sourceTree = "<group>"; };
		18C67D6B295F26F800A6BF3B /* MainViewModelTests.swift */ = {isa = PBXFileReference; lastKnownFileType = sourcecode.swift; path = MainViewModelTests.swift; sourceTree = "<group>"; };
		18D2FCDC2962C61900597E94 /* DetailsViewModelTests.swift */ = {isa = PBXFileReference; lastKnownFileType = sourcecode.swift; path = DetailsViewModelTests.swift; sourceTree = "<group>"; };
		18E6593C2956469400B1F35C /* DetailsViewController.swift */ = {isa = PBXFileReference; lastKnownFileType = sourcecode.swift; path = DetailsViewController.swift; sourceTree = "<group>"; };
		18E6593D2956469400B1F35C /* DetailsViewController.xib */ = {isa = PBXFileReference; lastKnownFileType = file.xib; path = DetailsViewController.xib; sourceTree = "<group>"; };
		18E659402956495500B1F35C /* DetailsViewModel.swift */ = {isa = PBXFileReference; lastKnownFileType = sourcecode.swift; path = DetailsViewModel.swift; sourceTree = "<group>"; };
		18E659452957239500B1F35C /* Double+Extension.swift */ = {isa = PBXFileReference; lastKnownFileType = sourcecode.swift; path = "Double+Extension.swift"; sourceTree = "<group>"; };
/* End PBXFileReference section */

/* Begin PBXFrameworksBuildPhase section */
		1867F83E294E4AD300032BF0 /* Frameworks */ = {
			isa = PBXFrameworksBuildPhase;
			buildActionMask = 2147483647;
			files = (
				18E6594429571C8000B1F35C /* SDWebImage in Frameworks */,
			);
			runOnlyForDeploymentPostprocessing = 0;
		};
		1867F854294E4AD500032BF0 /* Frameworks */ = {
			isa = PBXFrameworksBuildPhase;
			buildActionMask = 2147483647;
			files = (
				18C67D13295EC92500A6BF3B /* SDWebImage in Frameworks */,
			);
			runOnlyForDeploymentPostprocessing = 0;
		};
		1867F85E294E4AD500032BF0 /* Frameworks */ = {
			isa = PBXFrameworksBuildPhase;
			buildActionMask = 2147483647;
			files = (
			);
			runOnlyForDeploymentPostprocessing = 0;
		};
/* End PBXFrameworksBuildPhase section */

/* Begin PBXGroup section */
		1829021C2950F14100AF349C /* Classes */ = {
			isa = PBXGroup;
			children = (
				1829021A2950EFAB00AF349C /* Observable.swift */,
			);
			path = Classes;
			sourceTree = "<group>";
		};
		1867F838294E4AD300032BF0 = {
			isa = PBXGroup;
			children = (
				1867F843294E4AD300032BF0 /* Movies MVVM */,
				1867F85A294E4AD500032BF0 /* Movies MVVMTests */,
				1867F864294E4AD500032BF0 /* Movies MVVMUITests */,
				1867F842294E4AD300032BF0 /* Products */,
				18C67D11295EC92500A6BF3B /* Frameworks */,
			);
			sourceTree = "<group>";
		};
		1867F842294E4AD300032BF0 /* Products */ = {
			isa = PBXGroup;
			children = (
				1867F841294E4AD300032BF0 /* Movies MVVM.app */,
				1867F857294E4AD500032BF0 /* Movies MVVMTests.xctest */,
				1867F861294E4AD500032BF0 /* Movies MVVMUITests.xctest */,
			);
			name = Products;
			sourceTree = "<group>";
		};
		1867F843294E4AD300032BF0 /* Movies MVVM */ = {
			isa = PBXGroup;
			children = (
				1867F879294F099700032BF0 /* Resources */,
				187CD17D2952573D00FA58BE /* Utility */,
				1829021C2950F14100AF349C /* Classes */,
				1867F87E294F0A6400032BF0 /* Services */,
				1867F87A294F09A700032BF0 /* Model */,
				1867F87B294F09BD00032BF0 /* ViewModel */,
				1867F87C294F09C900032BF0 /* View */,
				1867F844294E4AD300032BF0 /* AppDelegate.swift */,
				1867F84F294E4AD500032BF0 /* LaunchScreen.storyboard */,
				1867F852294E4AD500032BF0 /* Info.plist */,
			);
			path = "Movies MVVM";
			sourceTree = "<group>";
		};
		1867F85A294E4AD500032BF0 /* Movies MVVMTests */ = {
			isa = PBXGroup;
			children = (
				18C67D6B295F26F800A6BF3B /* MainViewModelTests.swift */,
				18D2FCDC2962C61900597E94 /* DetailsViewModelTests.swift */,
				18C67D67295EFD3000A6BF3B /* MockNetworkManager.swift */,
				18BA542B296057DC003172ED /* movies.json */,
			);
			path = "Movies MVVMTests";
			sourceTree = "<group>";
		};
		1867F864294E4AD500032BF0 /* Movies MVVMUITests */ = {
			isa = PBXGroup;
			children = (
				1867F865294E4AD500032BF0 /* Movies_MVVMUITests.swift */,
				1867F867294E4AD500032BF0 /* Movies_MVVMUITestsLaunchTests.swift */,
			);
			path = "Movies MVVMUITests";
			sourceTree = "<group>";
		};
		1867F874294EFF1F00032BF0 /* MainViewController */ = {
			isa = PBXGroup;
			children = (
				1867F875294EFF4E00032BF0 /* MainViewController.swift */,
				1867F87F294F21CA00032BF0 /* MainViewController+TableView.swift */,
				1867F876294EFF4E00032BF0 /* MainViewController.xib */,
			);
			path = MainViewController;
			sourceTree = "<group>";
		};
		1867F879294F099700032BF0 /* Resources */ = {
			isa = PBXGroup;
			children = (
				1867F84D294E4AD500032BF0 /* Assets.xcassets */,
				1867F881294F2D8100032BF0 /* Constants.swift */,
			);
			path = Resources;
			sourceTree = "<group>";
		};
		1867F87A294F09A700032BF0 /* Model */ = {
			isa = PBXGroup;
			children = (
				1867F88A294F3D0500032BF0 /* TrendingMoviesModel.swift */,
			);
			path = Model;
			sourceTree = "<group>";
		};
		1867F87B294F09BD00032BF0 /* ViewModel */ = {
			isa = PBXGroup;
			children = (
				1867F883294F2E8400032BF0 /* MainViewModel.swift */,
				187CD18029525A1600FA58BE /* MovieCellViewModel.swift */,
				18E659402956495500B1F35C /* DetailsViewModel.swift */,
			);
			path = ViewModel;
			sourceTree = "<group>";
		};
		1867F87C294F09C900032BF0 /* View */ = {
			isa = PBXGroup;
			children = (
				1867F874294EFF1F00032BF0 /* MainViewController */,
				187CD1782952506900FA58BE /* MainMovieCell */,
				18E6593B2956459F00B1F35C /* DetailsViewController */,
			);
			path = View;
			sourceTree = "<group>";
		};
		1867F87E294F0A6400032BF0 /* Services */ = {
			isa = PBXGroup;
			children = (
				1867F887294F3AD400032BF0 /* Network */,
			);
			path = Services;
			sourceTree = "<group>";
		};
		1867F887294F3AD400032BF0 /* Network */ = {
			isa = PBXGroup;
			children = (
				1867F888294F3AEE00032BF0 /* NetworkConstants.swift */,
				1867F88C294F407C00032BF0 /* NetworkManager.swift */,
			);
			path = Network;
			sourceTree = "<group>";
		};
		187CD1782952506900FA58BE /* MainMovieCell */ = {
			isa = PBXGroup;
			children = (
				187CD1792952509A00FA58BE /* MainMovieCell.swift */,
				187CD17A2952509A00FA58BE /* MainMovieCell.xib */,
			);
			path = MainMovieCell;
			sourceTree = "<group>";
		};
		187CD17D2952573D00FA58BE /* Utility */ = {
			isa = PBXGroup;
			children = (
				18E659452957239500B1F35C /* Double+Extension.swift */,
				18BA542D29605A1D003172ED /* SwiftUtility.swift */,
			);
			path = Utility;
			sourceTree = "<group>";
		};
		18C67D11295EC92500A6BF3B /* Frameworks */ = {
			isa = PBXGroup;
			children = (
			);
			name = Frameworks;
			sourceTree = "<group>";
		};
		18E6593B2956459F00B1F35C /* DetailsViewController */ = {
			isa = PBXGroup;
			children = (
				18E6593C2956469400B1F35C /* DetailsViewController.swift */,
				18E6593D2956469400B1F35C /* DetailsViewController.xib */,
			);
			path = DetailsViewController;
			sourceTree = "<group>";
		};
/* End PBXGroup section */

/* Begin PBXNativeTarget section */
		1867F840294E4AD300032BF0 /* Movies MVVM */ = {
			isa = PBXNativeTarget;
			buildConfigurationList = 1867F86B294E4AD500032BF0 /* Build configuration list for PBXNativeTarget "Movies MVVM" */;
			buildPhases = (
				1867F83D294E4AD300032BF0 /* Sources */,
				1867F83E294E4AD300032BF0 /* Frameworks */,
				1867F83F294E4AD300032BF0 /* Resources */,
			);
			buildRules = (
			);
			dependencies = (
			);
			name = "Movies MVVM";
			packageProductDependencies = (
				18E6594329571C8000B1F35C /* SDWebImage */,
			);
			productName = "Movies MVVM";
			productReference = 1867F841294E4AD300032BF0 /* Movies MVVM.app */;
			productType = "com.apple.product-type.application";
		};
		1867F856294E4AD500032BF0 /* Movies MVVMTests */ = {
			isa = PBXNativeTarget;
			buildConfigurationList = 1867F86E294E4AD500032BF0 /* Build configuration list for PBXNativeTarget "Movies MVVMTests" */;
			buildPhases = (
				1867F853294E4AD500032BF0 /* Sources */,
				1867F854294E4AD500032BF0 /* Frameworks */,
				1867F855294E4AD500032BF0 /* Resources */,
			);
			buildRules = (
			);
			dependencies = (
				1867F859294E4AD500032BF0 /* PBXTargetDependency */,
			);
			name = "Movies MVVMTests";
			packageProductDependencies = (
				18C67D12295EC92500A6BF3B /* SDWebImage */,
			);
			productName = "Movies MVVMTests";
			productReference = 1867F857294E4AD500032BF0 /* Movies MVVMTests.xctest */;
			productType = "com.apple.product-type.bundle.unit-test";
		};
		1867F860294E4AD500032BF0 /* Movies MVVMUITests */ = {
			isa = PBXNativeTarget;
			buildConfigurationList = 1867F871294E4AD500032BF0 /* Build configuration list for PBXNativeTarget "Movies MVVMUITests" */;
			buildPhases = (
				1867F85D294E4AD500032BF0 /* Sources */,
				1867F85E294E4AD500032BF0 /* Frameworks */,
				1867F85F294E4AD500032BF0 /* Resources */,
			);
			buildRules = (
			);
			dependencies = (
				1867F863294E4AD500032BF0 /* PBXTargetDependency */,
			);
			name = "Movies MVVMUITests";
			productName = "Movies MVVMUITests";
			productReference = 1867F861294E4AD500032BF0 /* Movies MVVMUITests.xctest */;
			productType = "com.apple.product-type.bundle.ui-testing";
		};
/* End PBXNativeTarget section */

/* Begin PBXProject section */
		1867F839294E4AD300032BF0 /* Project object */ = {
			isa = PBXProject;
			attributes = {
				BuildIndependentTargetsInParallel = 1;
				LastSwiftUpdateCheck = 1420;
				LastUpgradeCheck = 1420;
				TargetAttributes = {
					1867F840294E4AD300032BF0 = {
						CreatedOnToolsVersion = 14.2;
					};
					1867F856294E4AD500032BF0 = {
						CreatedOnToolsVersion = 14.2;
						LastSwiftMigration = 1420;
						TestTargetID = 1867F840294E4AD300032BF0;
					};
					1867F860294E4AD500032BF0 = {
						CreatedOnToolsVersion = 14.2;
						TestTargetID = 1867F840294E4AD300032BF0;
					};
				};
			};
			buildConfigurationList = 1867F83C294E4AD300032BF0 /* Build configuration list for PBXProject "Movies MVVM" */;
			compatibilityVersion = "Xcode 14.0";
			developmentRegion = en;
			hasScannedForEncodings = 0;
			knownRegions = (
				en,
				Base,
			);
			mainGroup = 1867F838294E4AD300032BF0;
			packageReferences = (
				18E6594229571C8000B1F35C /* XCRemoteSwiftPackageReference "SDWebImage" */,
			);
			productRefGroup = 1867F842294E4AD300032BF0 /* Products */;
			projectDirPath = "";
			projectRoot = "";
			targets = (
				1867F840294E4AD300032BF0 /* Movies MVVM */,
				1867F856294E4AD500032BF0 /* Movies MVVMTests */,
				1867F860294E4AD500032BF0 /* Movies MVVMUITests */,
			);
		};
/* End PBXProject section */

/* Begin PBXResourcesBuildPhase section */
		1867F83F294E4AD300032BF0 /* Resources */ = {
			isa = PBXResourcesBuildPhase;
			buildActionMask = 2147483647;
			files = (
				18BA542C296057DC003172ED /* movies.json in Resources */,
				1867F851294E4AD500032BF0 /* LaunchScreen.storyboard in Resources */,
				1867F878294EFF4E00032BF0 /* MainViewController.xib in Resources */,
				18E6593F2956469400B1F35C /* DetailsViewController.xib in Resources */,
				1867F84E294E4AD500032BF0 /* Assets.xcassets in Resources */,
				187CD17C2952509A00FA58BE /* MainMovieCell.xib in Resources */,
			);
			runOnlyForDeploymentPostprocessing = 0;
		};
		1867F855294E4AD500032BF0 /* Resources */ = {
			isa = PBXResourcesBuildPhase;
			buildActionMask = 2147483647;
			files = (
			);
			runOnlyForDeploymentPostprocessing = 0;
		};
		1867F85F294E4AD500032BF0 /* Resources */ = {
			isa = PBXResourcesBuildPhase;
			buildActionMask = 2147483647;
			files = (
			);
			runOnlyForDeploymentPostprocessing = 0;
		};
/* End PBXResourcesBuildPhase section */

/* Begin PBXSourcesBuildPhase section */
		1867F83D294E4AD300032BF0 /* Sources */ = {
			isa = PBXSourcesBuildPhase;
			buildActionMask = 2147483647;
			files = (
				1867F884294F2E8400032BF0 /* MainViewModel.swift in Sources */,
				1867F845294E4AD300032BF0 /* AppDelegate.swift in Sources */,
				18E659462957239500B1F35C /* Double+Extension.swift in Sources */,
				18BA542E29605A1D003172ED /* SwiftUtility.swift in Sources */,
				18E659412956495500B1F35C /* DetailsViewModel.swift in Sources */,
				1867F880294F21CA00032BF0 /* MainViewController+TableView.swift in Sources */,
				1867F877294EFF4E00032BF0 /* MainViewController.swift in Sources */,
				1829021B2950EFAB00AF349C /* Observable.swift in Sources */,
				187CD17B2952509A00FA58BE /* MainMovieCell.swift in Sources */,
				187CD18129525A1600FA58BE /* MovieCellViewModel.swift in Sources */,
				1867F88D294F407C00032BF0 /* NetworkManager.swift in Sources */,
				1867F889294F3AEE00032BF0 /* NetworkConstants.swift in Sources */,
				18E6593E2956469400B1F35C /* DetailsViewController.swift in Sources */,
				1867F882294F2D8100032BF0 /* Constants.swift in Sources */,
				1867F88B294F3D0500032BF0 /* TrendingMoviesModel.swift in Sources */,
			);
			runOnlyForDeploymentPostprocessing = 0;
		};
		1867F853294E4AD500032BF0 /* Sources */ = {
			isa = PBXSourcesBuildPhase;
			buildActionMask = 2147483647;
			files = (
				18D2FCDD2962C61900597E94 /* DetailsViewModelTests.swift in Sources */,
				18C67D6C295F26F800A6BF3B /* MainViewModelTests.swift in Sources */,
				18C67D68295EFD3000A6BF3B /* MockNetworkManager.swift in Sources */,
			);
			runOnlyForDeploymentPostprocessing = 0;
		};
		1867F85D294E4AD500032BF0 /* Sources */ = {
			isa = PBXSourcesBuildPhase;
			buildActionMask = 2147483647;
			files = (
				1867F866294E4AD500032BF0 /* Movies_MVVMUITests.swift in Sources */,
				1867F868294E4AD500032BF0 /* Movies_MVVMUITestsLaunchTests.swift in Sources */,
			);
			runOnlyForDeploymentPostprocessing = 0;
		};
/* End PBXSourcesBuildPhase section */

/* Begin PBXTargetDependency section */
		1867F859294E4AD500032BF0 /* PBXTargetDependency */ = {
			isa = PBXTargetDependency;
			target = 1867F840294E4AD300032BF0 /* Movies MVVM */;
			targetProxy = 1867F858294E4AD500032BF0 /* PBXContainerItemProxy */;
		};
		1867F863294E4AD500032BF0 /* PBXTargetDependency */ = {
			isa = PBXTargetDependency;
			target = 1867F840294E4AD300032BF0 /* Movies MVVM */;
			targetProxy = 1867F862294E4AD500032BF0 /* PBXContainerItemProxy */;
		};
/* End PBXTargetDependency section */

/* Begin PBXVariantGroup section */
		1867F84F294E4AD500032BF0 /* LaunchScreen.storyboard */ = {
			isa = PBXVariantGroup;
			children = (
				1867F850294E4AD500032BF0 /* Base */,
			);
			name = LaunchScreen.storyboard;
			sourceTree = "<group>";
		};
/* End PBXVariantGroup section */

/* Begin XCBuildConfiguration section */
		1867F869294E4AD500032BF0 /* Debug */ = {
			isa = XCBuildConfiguration;
			buildSettings = {
				ALWAYS_SEARCH_USER_PATHS = NO;
				CLANG_ANALYZER_NONNULL = YES;
				CLANG_ANALYZER_NUMBER_OBJECT_CONVERSION = YES_AGGRESSIVE;
				CLANG_CXX_LANGUAGE_STANDARD = "gnu++20";
				CLANG_ENABLE_MODULES = YES;
				CLANG_ENABLE_OBJC_ARC = YES;
				CLANG_ENABLE_OBJC_WEAK = YES;
				CLANG_WARN_BLOCK_CAPTURE_AUTORELEASING = YES;
				CLANG_WARN_BOOL_CONVERSION = YES;
				CLANG_WARN_COMMA = YES;
				CLANG_WARN_CONSTANT_CONVERSION = YES;
				CLANG_WARN_DEPRECATED_OBJC_IMPLEMENTATIONS = YES;
				CLANG_WARN_DIRECT_OBJC_ISA_USAGE = YES_ERROR;
				CLANG_WARN_DOCUMENTATION_COMMENTS = YES;
				CLANG_WARN_EMPTY_BODY = YES;
				CLANG_WARN_ENUM_CONVERSION = YES;
				CLANG_WARN_INFINITE_RECURSION = YES;
				CLANG_WARN_INT_CONVERSION = YES;
				CLANG_WARN_NON_LITERAL_NULL_CONVERSION = YES;
				CLANG_WARN_OBJC_IMPLICIT_RETAIN_SELF = YES;
				CLANG_WARN_OBJC_LITERAL_CONVERSION = YES;
				CLANG_WARN_OBJC_ROOT_CLASS = YES_ERROR;
				CLANG_WARN_QUOTED_INCLUDE_IN_FRAMEWORK_HEADER = YES;
				CLANG_WARN_RANGE_LOOP_ANALYSIS = YES;
				CLANG_WARN_STRICT_PROTOTYPES = YES;
				CLANG_WARN_SUSPICIOUS_MOVE = YES;
				CLANG_WARN_UNGUARDED_AVAILABILITY = YES_AGGRESSIVE;
				CLANG_WARN_UNREACHABLE_CODE = YES;
				CLANG_WARN__DUPLICATE_METHOD_MATCH = YES;
				COPY_PHASE_STRIP = NO;
				DEBUG_INFORMATION_FORMAT = dwarf;
				ENABLE_STRICT_OBJC_MSGSEND = YES;
				ENABLE_TESTABILITY = YES;
				GCC_C_LANGUAGE_STANDARD = gnu11;
				GCC_DYNAMIC_NO_PIC = NO;
				GCC_NO_COMMON_BLOCKS = YES;
				GCC_OPTIMIZATION_LEVEL = 0;
				GCC_PREPROCESSOR_DEFINITIONS = (
					"DEBUG=1",
					"$(inherited)",
				);
				GCC_WARN_64_TO_32_BIT_CONVERSION = YES;
				GCC_WARN_ABOUT_RETURN_TYPE = YES_ERROR;
				GCC_WARN_UNDECLARED_SELECTOR = YES;
				GCC_WARN_UNINITIALIZED_AUTOS = YES_AGGRESSIVE;
				GCC_WARN_UNUSED_FUNCTION = YES;
				GCC_WARN_UNUSED_VARIABLE = YES;
				IPHONEOS_DEPLOYMENT_TARGET = 16.2;
				MTL_ENABLE_DEBUG_INFO = INCLUDE_SOURCE;
				MTL_FAST_MATH = YES;
				ONLY_ACTIVE_ARCH = YES;
				SDKROOT = iphoneos;
				SWIFT_ACTIVE_COMPILATION_CONDITIONS = DEBUG;
				SWIFT_OPTIMIZATION_LEVEL = "-Onone";
			};
			name = Debug;
		};
		1867F86A294E4AD500032BF0 /* Release */ = {
			isa = XCBuildConfiguration;
			buildSettings = {
				ALWAYS_SEARCH_USER_PATHS = NO;
				CLANG_ANALYZER_NONNULL = YES;
				CLANG_ANALYZER_NUMBER_OBJECT_CONVERSION = YES_AGGRESSIVE;
				CLANG_CXX_LANGUAGE_STANDARD = "gnu++20";
				CLANG_ENABLE_MODULES = YES;
				CLANG_ENABLE_OBJC_ARC = YES;
				CLANG_ENABLE_OBJC_WEAK = YES;
				CLANG_WARN_BLOCK_CAPTURE_AUTORELEASING = YES;
				CLANG_WARN_BOOL_CONVERSION = YES;
				CLANG_WARN_COMMA = YES;
				CLANG_WARN_CONSTANT_CONVERSION = YES;
				CLANG_WARN_DEPRECATED_OBJC_IMPLEMENTATIONS = YES;
				CLANG_WARN_DIRECT_OBJC_ISA_USAGE = YES_ERROR;
				CLANG_WARN_DOCUMENTATION_COMMENTS = YES;
				CLANG_WARN_EMPTY_BODY = YES;
				CLANG_WARN_ENUM_CONVERSION = YES;
				CLANG_WARN_INFINITE_RECURSION = YES;
				CLANG_WARN_INT_CONVERSION = YES;
				CLANG_WARN_NON_LITERAL_NULL_CONVERSION = YES;
				CLANG_WARN_OBJC_IMPLICIT_RETAIN_SELF = YES;
				CLANG_WARN_OBJC_LITERAL_CONVERSION = YES;
				CLANG_WARN_OBJC_ROOT_CLASS = YES_ERROR;
				CLANG_WARN_QUOTED_INCLUDE_IN_FRAMEWORK_HEADER = YES;
				CLANG_WARN_RANGE_LOOP_ANALYSIS = YES;
				CLANG_WARN_STRICT_PROTOTYPES = YES;
				CLANG_WARN_SUSPICIOUS_MOVE = YES;
				CLANG_WARN_UNGUARDED_AVAILABILITY = YES_AGGRESSIVE;
				CLANG_WARN_UNREACHABLE_CODE = YES;
				CLANG_WARN__DUPLICATE_METHOD_MATCH = YES;
				COPY_PHASE_STRIP = NO;
				DEBUG_INFORMATION_FORMAT = "dwarf-with-dsym";
				ENABLE_NS_ASSERTIONS = NO;
				ENABLE_STRICT_OBJC_MSGSEND = YES;
				GCC_C_LANGUAGE_STANDARD = gnu11;
				GCC_NO_COMMON_BLOCKS = YES;
				GCC_WARN_64_TO_32_BIT_CONVERSION = YES;
				GCC_WARN_ABOUT_RETURN_TYPE = YES_ERROR;
				GCC_WARN_UNDECLARED_SELECTOR = YES;
				GCC_WARN_UNINITIALIZED_AUTOS = YES_AGGRESSIVE;
				GCC_WARN_UNUSED_FUNCTION = YES;
				GCC_WARN_UNUSED_VARIABLE = YES;
				IPHONEOS_DEPLOYMENT_TARGET = 16.2;
				MTL_ENABLE_DEBUG_INFO = NO;
				MTL_FAST_MATH = YES;
				SDKROOT = iphoneos;
				SWIFT_COMPILATION_MODE = wholemodule;
				SWIFT_OPTIMIZATION_LEVEL = "-O";
				VALIDATE_PRODUCT = YES;
			};
			name = Release;
		};
		1867F86C294E4AD500032BF0 /* Debug */ = {
			isa = XCBuildConfiguration;
			buildSettings = {
				ASSETCATALOG_COMPILER_APPICON_NAME = AppIcon;
				ASSETCATALOG_COMPILER_GLOBAL_ACCENT_COLOR_NAME = AccentColor;
				CODE_SIGN_STYLE = Automatic;
				CURRENT_PROJECT_VERSION = 1;
				DEVELOPMENT_TEAM = 7S5U37F79D;
				GENERATE_INFOPLIST_FILE = YES;
				INFOPLIST_FILE = "Movies MVVM/Info.plist";
				INFOPLIST_KEY_LSApplicationCategoryType = "";
				INFOPLIST_KEY_UIApplicationSupportsIndirectInputEvents = YES;
				INFOPLIST_KEY_UILaunchStoryboardName = LaunchScreen;
				INFOPLIST_KEY_UIMainStoryboardFile = "";
				INFOPLIST_KEY_UIStatusBarStyle = "";
				INFOPLIST_KEY_UISupportedInterfaceOrientations = UIInterfaceOrientationPortrait;
				LD_RUNPATH_SEARCH_PATHS = (
					"$(inherited)",
					"@executable_path/Frameworks",
				);
				MARKETING_VERSION = 1.0;
				PRODUCT_BUNDLE_IDENTIFIER = "lv.edgars.jaudzems.Movies-MVVM";
				PRODUCT_NAME = "$(TARGET_NAME)";
				SWIFT_EMIT_LOC_STRINGS = YES;
				SWIFT_VERSION = 5.0;
				TARGETED_DEVICE_FAMILY = "1,2";
			};
			name = Debug;
		};
		1867F86D294E4AD500032BF0 /* Release */ = {
			isa = XCBuildConfiguration;
			buildSettings = {
				ASSETCATALOG_COMPILER_APPICON_NAME = AppIcon;
				ASSETCATALOG_COMPILER_GLOBAL_ACCENT_COLOR_NAME = AccentColor;
				CODE_SIGN_STYLE = Automatic;
				CURRENT_PROJECT_VERSION = 1;
				DEVELOPMENT_TEAM = 7S5U37F79D;
				GENERATE_INFOPLIST_FILE = YES;
				INFOPLIST_FILE = "Movies MVVM/Info.plist";
				INFOPLIST_KEY_LSApplicationCategoryType = "";
				INFOPLIST_KEY_UIApplicationSupportsIndirectInputEvents = YES;
				INFOPLIST_KEY_UILaunchStoryboardName = LaunchScreen;
				INFOPLIST_KEY_UIMainStoryboardFile = "";
				INFOPLIST_KEY_UIStatusBarStyle = "";
				INFOPLIST_KEY_UISupportedInterfaceOrientations = UIInterfaceOrientationPortrait;
				LD_RUNPATH_SEARCH_PATHS = (
					"$(inherited)",
					"@executable_path/Frameworks",
				);
				MARKETING_VERSION = 1.0;
				PRODUCT_BUNDLE_IDENTIFIER = "lv.edgars.jaudzems.Movies-MVVM";
				PRODUCT_NAME = "$(TARGET_NAME)";
				SWIFT_EMIT_LOC_STRINGS = YES;
				SWIFT_VERSION = 5.0;
				TARGETED_DEVICE_FAMILY = "1,2";
			};
			name = Release;
		};
		1867F86F294E4AD500032BF0 /* Debug */ = {
			isa = XCBuildConfiguration;
			buildSettings = {
				ALWAYS_EMBED_SWIFT_STANDARD_LIBRARIES = YES;
				BUNDLE_LOADER = "$(TEST_HOST)";
				CLANG_ENABLE_MODULES = YES;
				CODE_SIGN_STYLE = Automatic;
				CURRENT_PROJECT_VERSION = 1;
				DEVELOPMENT_TEAM = 7S5U37F79D;
				GENERATE_INFOPLIST_FILE = YES;
				IPHONEOS_DEPLOYMENT_TARGET = 16.2;
				LD_RUNPATH_SEARCH_PATHS = (
					"$(inherited)",
					"@executable_path/Frameworks",
					"@loader_path/Frameworks",
				);
				MARKETING_VERSION = 1.0;
				PRODUCT_BUNDLE_IDENTIFIER = "lv.edgars.jaudzems.Movies-MVVMTests";
				PRODUCT_NAME = "$(TARGET_NAME)";
				SWIFT_EMIT_LOC_STRINGS = NO;
				SWIFT_OPTIMIZATION_LEVEL = "-Onone";
				SWIFT_VERSION = 5.0;
				TARGETED_DEVICE_FAMILY = "1,2";
				TEST_HOST = "$(BUILT_PRODUCTS_DIR)/Movies MVVM.app/$(BUNDLE_EXECUTABLE_FOLDER_PATH)/Movies MVVM";
			};
			name = Debug;
		};
		1867F870294E4AD500032BF0 /* Release */ = {
			isa = XCBuildConfiguration;
			buildSettings = {
				ALWAYS_EMBED_SWIFT_STANDARD_LIBRARIES = YES;
				BUNDLE_LOADER = "$(TEST_HOST)";
				CLANG_ENABLE_MODULES = YES;
				CODE_SIGN_STYLE = Automatic;
				CURRENT_PROJECT_VERSION = 1;
				DEVELOPMENT_TEAM = 7S5U37F79D;
				GENERATE_INFOPLIST_FILE = YES;
				IPHONEOS_DEPLOYMENT_TARGET = 16.2;
				LD_RUNPATH_SEARCH_PATHS = (
					"$(inherited)",
					"@executable_path/Frameworks",
					"@loader_path/Frameworks",
				);
				MARKETING_VERSION = 1.0;
				PRODUCT_BUNDLE_IDENTIFIER = "lv.edgars.jaudzems.Movies-MVVMTests";
				PRODUCT_NAME = "$(TARGET_NAME)";
				SWIFT_EMIT_LOC_STRINGS = NO;
				SWIFT_VERSION = 5.0;
				TARGETED_DEVICE_FAMILY = "1,2";
				TEST_HOST = "$(BUILT_PRODUCTS_DIR)/Movies MVVM.app/$(BUNDLE_EXECUTABLE_FOLDER_PATH)/Movies MVVM";
			};
			name = Release;
		};
		1867F872294E4AD500032BF0 /* Debug */ = {
			isa = XCBuildConfiguration;
			buildSettings = {
				ALWAYS_EMBED_SWIFT_STANDARD_LIBRARIES = YES;
				CODE_SIGN_STYLE = Automatic;
				CURRENT_PROJECT_VERSION = 1;
				DEVELOPMENT_TEAM = 7S5U37F79D;
				GENERATE_INFOPLIST_FILE = YES;
				MARKETING_VERSION = 1.0;
				PRODUCT_BUNDLE_IDENTIFIER = "lv.edgars.jaudzems.Movies-MVVMUITests";
				PRODUCT_NAME = "$(TARGET_NAME)";
				SWIFT_EMIT_LOC_STRINGS = NO;
				SWIFT_VERSION = 5.0;
				TARGETED_DEVICE_FAMILY = "1,2";
				TEST_TARGET_NAME = "Movies MVVM";
			};
			name = Debug;
		};
		1867F873294E4AD500032BF0 /* Release */ = {
			isa = XCBuildConfiguration;
			buildSettings = {
				ALWAYS_EMBED_SWIFT_STANDARD_LIBRARIES = YES;
				CODE_SIGN_STYLE = Automatic;
				CURRENT_PROJECT_VERSION = 1;
				DEVELOPMENT_TEAM = 7S5U37F79D;
				GENERATE_INFOPLIST_FILE = YES;
				MARKETING_VERSION = 1.0;
				PRODUCT_BUNDLE_IDENTIFIER = "lv.edgars.jaudzems.Movies-MVVMUITests";
				PRODUCT_NAME = "$(TARGET_NAME)";
				SWIFT_EMIT_LOC_STRINGS = NO;
				SWIFT_VERSION = 5.0;
				TARGETED_DEVICE_FAMILY = "1,2";
				TEST_TARGET_NAME = "Movies MVVM";
			};
			name = Release;
		};
/* End XCBuildConfiguration section */

/* Begin XCConfigurationList section */
		1867F83C294E4AD300032BF0 /* Build configuration list for PBXProject "Movies MVVM" */ = {
			isa = XCConfigurationList;
			buildConfigurations = (
				1867F869294E4AD500032BF0 /* Debug */,
				1867F86A294E4AD500032BF0 /* Release */,
			);
			defaultConfigurationIsVisible = 0;
			defaultConfigurationName = Release;
		};
		1867F86B294E4AD500032BF0 /* Build configuration list for PBXNativeTarget "Movies MVVM" */ = {
			isa = XCConfigurationList;
			buildConfigurations = (
				1867F86C294E4AD500032BF0 /* Debug */,
				1867F86D294E4AD500032BF0 /* Release */,
			);
			defaultConfigurationIsVisible = 0;
			defaultConfigurationName = Release;
		};
		1867F86E294E4AD500032BF0 /* Build configuration list for PBXNativeTarget "Movies MVVMTests" */ = {
			isa = XCConfigurationList;
			buildConfigurations = (
				1867F86F294E4AD500032BF0 /* Debug */,
				1867F870294E4AD500032BF0 /* Release */,
			);
			defaultConfigurationIsVisible = 0;
			defaultConfigurationName = Release;
		};
		1867F871294E4AD500032BF0 /* Build configuration list for PBXNativeTarget "Movies MVVMUITests" */ = {
			isa = XCConfigurationList;
			buildConfigurations = (
				1867F872294E4AD500032BF0 /* Debug */,
				1867F873294E4AD500032BF0 /* Release */,
			);
			defaultConfigurationIsVisible = 0;
			defaultConfigurationName = Release;
		};
/* End XCConfigurationList section */

/* Begin XCRemoteSwiftPackageReference section */
		18E6594229571C8000B1F35C /* XCRemoteSwiftPackageReference "SDWebImage" */ = {
			isa = XCRemoteSwiftPackageReference;
			repositoryURL = "https://github.com/SDWebImage/SDWebImage";
			requirement = {
				kind = upToNextMajorVersion;
				minimumVersion = 5.0.0;
			};
		};
/* End XCRemoteSwiftPackageReference section */

/* Begin XCSwiftPackageProductDependency section */
		18C67D12295EC92500A6BF3B /* SDWebImage */ = {
			isa = XCSwiftPackageProductDependency;
			package = 18E6594229571C8000B1F35C /* XCRemoteSwiftPackageReference "SDWebImage" */;
			productName = SDWebImage;
		};
		18E6594329571C8000B1F35C /* SDWebImage */ = {
			isa = XCSwiftPackageProductDependency;
			package = 18E6594229571C8000B1F35C /* XCRemoteSwiftPackageReference "SDWebImage" */;
			productName = SDWebImage;
		};
/* End XCSwiftPackageProductDependency section */
	};
	rootObject = 1867F839294E4AD300032BF0 /* Project object */;
}
